
Microsoft Visual Studio Solution File, Format Version 12.00
# Visual Studio Version 17
VisualStudioVersion = 17.6.33712.159
MinimumVisualStudioVersion = 10.0.40219.1
Project("{9A19103F-16F7-4668-BE54-9A1E7A4F7556}") = "ASP01Partial", "ASP01Partial\ASP01Partial.csproj", "{EB70484E-1529-4153-BD98-84700F360729}"
EndProject
Project("{9A19103F-16F7-4668-BE54-9A1E7A4F7556}") = "ASP02DI", "ASP02DI\ASP02DI.csproj", "{DCF9C9E2-1D58-4458-B521-3A19522E1DCB}"
EndProject
Project("{9A19103F-16F7-4668-BE54-9A1E7A4F7556}") = "ASP03Session", "ASP03Session\ASP03Session.csproj", "{9F8F2FE4-C3B3-4D88-9F78-FBF698DC8294}"
EndProject
Project("{9A19103F-16F7-4668-BE54-9A1E7A4F7556}") = "ASP04SessionServices", "ASP04SessionServices\ASP04SessionServices.csproj", "{88BAFD49-BC54-4AAB-BFA2-F575D339B150}"
EndProject
Project("{9A19103F-16F7-4668-BE54-9A1E7A4F7556}") = "ASP05GameStructure", "ASP05GameStructure\ASP05GameStructure.csproj", "{9CF8FD8B-10BE-496F-9B09-BED84CF9B7E2}"
EndProject
Project("{9A19103F-16F7-4668-BE54-9A1E7A4F7556}") = "ASP06EFC", "ASP06EFC\ASP06EFC.csproj", "{E84C04D3-6824-44F8-A632-6025DD2F6D82}"
EndProject
Project("{FAE04EC0-301F-11D3-BF4B-00C04F79EFBC}") = "ASP08Blogisek", "ASP08Blogisek\ASP08Blogisek.csproj", "{DFE23BC5-C4B7-446F-B7BA-CF6C936DACFE}"
EndProject
Global
	GlobalSection(SolutionConfigurationPlatforms) = preSolution
		Debug|Any CPU = Debug|Any CPU
		Release|Any CPU = Release|Any CPU
	EndGlobalSection
	GlobalSection(ProjectConfigurationPlatforms) = postSolution
		{EB70484E-1529-4153-BD98-84700F360729}.Debug|Any CPU.ActiveCfg = Debug|Any CPU
		{EB70484E-1529-4153-BD98-84700F360729}.Debug|Any CPU.Build.0 = Debug|Any CPU
		{EB70484E-1529-4153-BD98-84700F360729}.Release|Any CPU.ActiveCfg = Release|Any CPU
		{EB70484E-1529-4153-BD98-84700F360729}.Release|Any CPU.Build.0 = Release|Any CPU
		{DCF9C9E2-1D58-4458-B521-3A19522E1DCB}.Debug|Any CPU.ActiveCfg = Debug|Any CPU
		{DCF9C9E2-1D58-4458-B521-3A19522E1DCB}.Debug|Any CPU.Build.0 = Debug|Any CPU
		{DCF9C9E2-1D58-4458-B521-3A19522E1DCB}.Release|Any CPU.ActiveCfg = Release|Any CPU
		{DCF9C9E2-1D58-4458-B521-3A19522E1DCB}.Release|Any CPU.Build.0 = Release|Any CPU
		{9F8F2FE4-C3B3-4D88-9F78-FBF698DC8294}.Debug|Any CPU.ActiveCfg = Debug|Any CPU
		{9F8F2FE4-C3B3-4D88-9F78-FBF698DC8294}.Debug|Any CPU.Build.0 = Debug|Any CPU
		{9F8F2FE4-C3B3-4D88-9F78-FBF698DC8294}.Release|Any CPU.ActiveCfg = Release|Any CPU
		{9F8F2FE4-C3B3-4D88-9F78-FBF698DC8294}.Release|Any CPU.Build.0 = Release|Any CPU
		{88BAFD49-BC54-4AAB-BFA2-F575D339B150}.Debug|Any CPU.ActiveCfg = Debug|Any CPU
		{88BAFD49-BC54-4AAB-BFA2-F575D339B150}.Debug|Any CPU.Build.0 = Debug|Any CPU
		{88BAFD49-BC54-4AAB-BFA2-F575D339B150}.Release|Any CPU.ActiveCfg = Release|Any CPU
		{88BAFD49-BC54-4AAB-BFA2-F575D339B150}.Release|Any CPU.Build.0 = Release|Any CPU
		{9CF8FD8B-10BE-496F-9B09-BED84CF9B7E2}.Debug|Any CPU.ActiveCfg = Debug|Any CPU
		{9CF8FD8B-10BE-496F-9B09-BED84CF9B7E2}.Debug|Any CPU.Build.0 = Debug|Any CPU
		{9CF8FD8B-10BE-496F-9B09-BED84CF9B7E2}.Release|Any CPU.ActiveCfg = Release|Any CPU
		{9CF8FD8B-10BE-496F-9B09-BED84CF9B7E2}.Release|Any CPU.Build.0 = Release|Any CPU
		{E84C04D3-6824-44F8-A632-6025DD2F6D82}.Debug|Any CPU.ActiveCfg = Debug|Any CPU
		{E84C04D3-6824-44F8-A632-6025DD2F6D82}.Debug|Any CPU.Build.0 = Debug|Any CPU
		{E84C04D3-6824-44F8-A632-6025DD2F6D82}.Release|Any CPU.ActiveCfg = Release|Any CPU
		{E84C04D3-6824-44F8-A632-6025DD2F6D82}.Release|Any CPU.Build.0 = Release|Any CPU
		{DFE23BC5-C4B7-446F-B7BA-CF6C936DACFE}.Debug|Any CPU.ActiveCfg = Debug|Any CPU
		{DFE23BC5-C4B7-446F-B7BA-CF6C936DACFE}.Debug|Any CPU.Build.0 = Debug|Any CPU
		{DFE23BC5-C4B7-446F-B7BA-CF6C936DACFE}.Release|Any CPU.ActiveCfg = Release|Any CPU
		{DFE23BC5-C4B7-446F-B7BA-CF6C936DACFE}.Release|Any CPU.Build.0 = Release|Any CPU
	EndGlobalSection
	GlobalSection(SolutionProperties) = preSolution
		HideSolutionNode = FALSE
	EndGlobalSection
	GlobalSection(ExtensibilityGlobals) = postSolution
		SolutionGuid = {38DC7C4A-9455-4C40-B964-85FD319A5DA8}
	EndGlobalSection
EndGlobal
